
Microsoft Visual Studio Solution File, Format Version 12.00
# Visual Studio Version 17
VisualStudioVersion = 17.3.32929.385
MinimumVisualStudioVersion = 10.0.40219.1
Project("{FAE04EC0-301F-11D3-BF4B-00C04F79EFBC}") = "Grroup3Consoole2", "Grroup3Consoole2\Grroup3Consoole2.csproj", "{6F8925DF-4475-455F-A633-D6964C0AA70C}"
EndProject
Global
	GlobalSection(SolutionConfigurationPlatforms) = preSolution
		Debug|Any CPU = Debug|Any CPU
		Release|Any CPU = Release|Any CPU
	EndGlobalSection
	GlobalSection(ProjectConfigurationPlatforms) = postSolution
		{6F8925DF-4475-455F-A633-D6964C0AA70C}.Debug|Any CPU.ActiveCfg = Debug|Any CPU
		{6F8925DF-4475-455F-A633-D6964C0AA70C}.Debug|Any CPU.Build.0 = Debug|Any CPU
		{6F8925DF-4475-455F-A633-D6964C0AA70C}.Release|Any CPU.ActiveCfg = Release|Any CPU
		{6F8925DF-4475-455F-A633-D6964C0AA70C}.Release|Any CPU.Build.0 = Release|Any CPU
	EndGlobalSection
	GlobalSection(SolutionProperties) = preSolution
		HideSolutionNode = FALSE
	EndGlobalSection
	GlobalSection(ExtensibilityGlobals) = postSolution
		SolutionGuid = {08DD0796-B60B-405E-9774-AB984B812726}
	EndGlobalSection
EndGlobal
